
Microsoft Visual Studio Solution File, Format Version 12.00
# Visual Studio 15
VisualStudioVersion = 15.0.27428.2005
MinimumVisualStudioVersion = 10.0.40219.1
Project("{2150E333-8FDC-42A3-9474-1A3956D46DE8}") = "src", "src", "{E9BEC3A1-0E46-48D4-9BC1-62C1AFE7B165}"
EndProject
Project("{9A19103F-16F7-4668-BE54-9A1E7A4F7556}") = "SimpleSoft.AspNetCore.Middleware", "src\SimpleSoft.AspNetCore.Middleware\SimpleSoft.AspNetCore.Middleware.csproj", "{4700FDF0-7F58-40CB-8046-F0233F1A745D}"
EndProject
Project("{2150E333-8FDC-42A3-9474-1A3956D46DE8}") = "tools", "tools", "{BA069C62-3AD1-4EC3-A002-FC3DECEFF48C}"
	ProjectSection(SolutionItems) = preProject
		tools\assemblymetadata.ps1 = tools\assemblymetadata.ps1
		tools\SimpleSoft.AspNetCore.PublicKey = tools\SimpleSoft.AspNetCore.PublicKey
		tools\SimpleSoft.AspNetCore.snk = tools\SimpleSoft.AspNetCore.snk
	EndProjectSection
EndProject
Project("{9A19103F-16F7-4668-BE54-9A1E7A4F7556}") = "SimpleSoft.AspNetCore.Middleware.Metadata", "src\SimpleSoft.AspNetCore.Middleware.Metadata\SimpleSoft.AspNetCore.Middleware.Metadata.csproj", "{A55C197D-A5E1-4DC4-8854-D6AF197C7E45}"
EndProject
Project("{2150E333-8FDC-42A3-9474-1A3956D46DE8}") = "other", "other", "{664654B7-50DF-4A95-B779-E7A0899D6007}"
	ProjectSection(SolutionItems) = preProject
		.gitattributes = .gitattributes
		.gitignore = .gitignore
		LICENSE = LICENSE
		README.md = README.md
	EndProjectSection
EndProject
Project("{9A19103F-16F7-4668-BE54-9A1E7A4F7556}") = "SimpleSoft.AspNetCore.Middleware.HealthCheck", "src\SimpleSoft.AspNetCore.Middleware.HealthCheck\SimpleSoft.AspNetCore.Middleware.HealthCheck.csproj", "{24F2E7B9-1F6A-45A1-BE9B-8A3144471EFE}"
EndProject
Project("{2150E333-8FDC-42A3-9474-1A3956D46DE8}") = "examples", "examples", "{D2E95B0E-D975-4275-A626-B9C38E1D98F5}"
EndProject
Project("{FAE04EC0-301F-11D3-BF4B-00C04F79EFBC}") = "SimpleSoft.AspNetCore.Middleware.ExampleApi", "examples\SimpleSoft.AspNetCore.Middleware.ExampleApi\SimpleSoft.AspNetCore.Middleware.ExampleApi.csproj", "{311EFC09-C961-46A8-B8D4-DD9205654665}"
EndProject
Global
	GlobalSection(SolutionConfigurationPlatforms) = preSolution
		Debug|Any CPU = Debug|Any CPU
		Release|Any CPU = Release|Any CPU
	EndGlobalSection
	GlobalSection(ProjectConfigurationPlatforms) = postSolution
		{4700FDF0-7F58-40CB-8046-F0233F1A745D}.Debug|Any CPU.ActiveCfg = Debug|Any CPU
		{4700FDF0-7F58-40CB-8046-F0233F1A745D}.Debug|Any CPU.Build.0 = Debug|Any CPU
		{4700FDF0-7F58-40CB-8046-F0233F1A745D}.Release|Any CPU.ActiveCfg = Release|Any CPU
		{4700FDF0-7F58-40CB-8046-F0233F1A745D}.Release|Any CPU.Build.0 = Release|Any CPU
		{A55C197D-A5E1-4DC4-8854-D6AF197C7E45}.Debug|Any CPU.ActiveCfg = Debug|Any CPU
		{A55C197D-A5E1-4DC4-8854-D6AF197C7E45}.Debug|Any CPU.Build.0 = Debug|Any CPU
		{A55C197D-A5E1-4DC4-8854-D6AF197C7E45}.Release|Any CPU.ActiveCfg = Release|Any CPU
		{A55C197D-A5E1-4DC4-8854-D6AF197C7E45}.Release|Any CPU.Build.0 = Release|Any CPU
		{24F2E7B9-1F6A-45A1-BE9B-8A3144471EFE}.Debug|Any CPU.ActiveCfg = Debug|Any CPU
		{24F2E7B9-1F6A-45A1-BE9B-8A3144471EFE}.Debug|Any CPU.Build.0 = Debug|Any CPU
		{24F2E7B9-1F6A-45A1-BE9B-8A3144471EFE}.Release|Any CPU.ActiveCfg = Release|Any CPU
		{24F2E7B9-1F6A-45A1-BE9B-8A3144471EFE}.Release|Any CPU.Build.0 = Release|Any CPU
		{311EFC09-C961-46A8-B8D4-DD9205654665}.Debug|Any CPU.ActiveCfg = Debug|Any CPU
		{311EFC09-C961-46A8-B8D4-DD9205654665}.Debug|Any CPU.Build.0 = Debug|Any CPU
		{311EFC09-C961-46A8-B8D4-DD9205654665}.Release|Any CPU.ActiveCfg = Release|Any CPU
		{311EFC09-C961-46A8-B8D4-DD9205654665}.Release|Any CPU.Build.0 = Release|Any CPU
	EndGlobalSection
	GlobalSection(SolutionProperties) = preSolution
		HideSolutionNode = FALSE
	EndGlobalSection
	GlobalSection(NestedProjects) = preSolution
		{4700FDF0-7F58-40CB-8046-F0233F1A745D} = {E9BEC3A1-0E46-48D4-9BC1-62C1AFE7B165}
		{A55C197D-A5E1-4DC4-8854-D6AF197C7E45} = {E9BEC3A1-0E46-48D4-9BC1-62C1AFE7B165}
		{24F2E7B9-1F6A-45A1-BE9B-8A3144471EFE} = {E9BEC3A1-0E46-48D4-9BC1-62C1AFE7B165}
		{311EFC09-C961-46A8-B8D4-DD9205654665} = {D2E95B0E-D975-4275-A626-B9C38E1D98F5}
	EndGlobalSection
	GlobalSection(ExtensibilityGlobals) = postSolution
		SolutionGuid = {1CE00B95-A8E1-4F4E-ACF8-3BF4D30AFFFA}
	EndGlobalSection
EndGlobal
